
Microsoft Visual Studio Solution File, Format Version 12.00
# Visual Studio Version 17
VisualStudioVersion = 17.13.35828.75
MinimumVisualStudioVersion = 10.0.40219.1
Project("{FAE04EC0-301F-11D3-BF4B-00C04F79EFBC}") = "ListaDeExercício.Exercício01", "ListaDeExercício.Exercício01\ListaDeExercício.Exercício01.csproj", "{57DAD013-DF7B-4069-BD82-4493A843F4F6}"
EndProject
Project("{FAE04EC0-301F-11D3-BF4B-00C04F79EFBC}") = "ListaDeExercícios.Exercício02", "ListaDeExercícios.Exercício02\ListaDeExercícios.Exercício02.csproj", "{A9D14530-4D6D-4156-BEDF-6E21F92A4A4E}"
EndProject
Project("{FAE04EC0-301F-11D3-BF4B-00C04F79EFBC}") = "ListaDeExercicios.Exercicio03", "ListaDeExercicios.Exercicio03\ListaDeExercicios.Exercicio03.csproj", "{16B2ADCF-5B49-495F-950F-01DD5B2CCF80}"
EndProject
Project("{FAE04EC0-301F-11D3-BF4B-00C04F79EFBC}") = "ListaDeExercicios.Exercicio04", "ListaDeExercicios.Exercicio04\ListaDeExercicios.Exercicio04.csproj", "{A5C8DD56-1D43-4983-A237-575B2595F191}"
EndProject
Project("{FAE04EC0-301F-11D3-BF4B-00C04F79EFBC}") = "ListaDeExercicios.Exercicio05", "ListaDeExercicios.Exercicio05\ListaDeExercicios.Exercicio05.csproj", "{F9379731-AB0D-43CC-9C2E-03ABEA3569D5}"
EndProject
Project("{FAE04EC0-301F-11D3-BF4B-00C04F79EFBC}") = "ListaDeExercicios.Exercicio06", "ListaDeExercicios.Exercicio06\ListaDeExercicios.Exercicio06.csproj", "{7A6AA89F-A399-43A8-BD6A-58803BB69770}"
EndProject
Project("{FAE04EC0-301F-11D3-BF4B-00C04F79EFBC}") = "ListaDeExercicios.Exercicio07", "ListaDeExercicios.Exercicio07\ListaDeExercicios.Exercicio07.csproj", "{F1BA3F20-6C9F-4232-950F-7DAB12EF74E0}"
EndProject
Project("{FAE04EC0-301F-11D3-BF4B-00C04F79EFBC}") = "ListaDeExercicios.Exercicio08", "ListaDeExercicios.Exercicio08\ListaDeExercicios.Exercicio08.csproj", "{5B0413A8-7505-41DF-981F-E7A0BE4BCF5C}"
EndProject
Global
	GlobalSection(SolutionConfigurationPlatforms) = preSolution
		Debug|Any CPU = Debug|Any CPU
		Release|Any CPU = Release|Any CPU
	EndGlobalSection
	GlobalSection(ProjectConfigurationPlatforms) = postSolution
		{57DAD013-DF7B-4069-BD82-4493A843F4F6}.Debug|Any CPU.ActiveCfg = Debug|Any CPU
		{57DAD013-DF7B-4069-BD82-4493A843F4F6}.Debug|Any CPU.Build.0 = Debug|Any CPU
		{57DAD013-DF7B-4069-BD82-4493A843F4F6}.Release|Any CPU.ActiveCfg = Release|Any CPU
		{57DAD013-DF7B-4069-BD82-4493A843F4F6}.Release|Any CPU.Build.0 = Release|Any CPU
		{A9D14530-4D6D-4156-BEDF-6E21F92A4A4E}.Debug|Any CPU.ActiveCfg = Debug|Any CPU
		{A9D14530-4D6D-4156-BEDF-6E21F92A4A4E}.Debug|Any CPU.Build.0 = Debug|Any CPU
		{A9D14530-4D6D-4156-BEDF-6E21F92A4A4E}.Release|Any CPU.ActiveCfg = Release|Any CPU
		{A9D14530-4D6D-4156-BEDF-6E21F92A4A4E}.Release|Any CPU.Build.0 = Release|Any CPU
		{16B2ADCF-5B49-495F-950F-01DD5B2CCF80}.Debug|Any CPU.ActiveCfg = Debug|Any CPU
		{16B2ADCF-5B49-495F-950F-01DD5B2CCF80}.Debug|Any CPU.Build.0 = Debug|Any CPU
		{16B2ADCF-5B49-495F-950F-01DD5B2CCF80}.Release|Any CPU.ActiveCfg = Release|Any CPU
		{16B2ADCF-5B49-495F-950F-01DD5B2CCF80}.Release|Any CPU.Build.0 = Release|Any CPU
		{A5C8DD56-1D43-4983-A237-575B2595F191}.Debug|Any CPU.ActiveCfg = Debug|Any CPU
		{A5C8DD56-1D43-4983-A237-575B2595F191}.Debug|Any CPU.Build.0 = Debug|Any CPU
		{A5C8DD56-1D43-4983-A237-575B2595F191}.Release|Any CPU.ActiveCfg = Release|Any CPU
		{A5C8DD56-1D43-4983-A237-575B2595F191}.Release|Any CPU.Build.0 = Release|Any CPU
		{F9379731-AB0D-43CC-9C2E-03ABEA3569D5}.Debug|Any CPU.ActiveCfg = Debug|Any CPU
		{F9379731-AB0D-43CC-9C2E-03ABEA3569D5}.Debug|Any CPU.Build.0 = Debug|Any CPU
		{F9379731-AB0D-43CC-9C2E-03ABEA3569D5}.Release|Any CPU.ActiveCfg = Release|Any CPU
		{F9379731-AB0D-43CC-9C2E-03ABEA3569D5}.Release|Any CPU.Build.0 = Release|Any CPU
		{7A6AA89F-A399-43A8-BD6A-58803BB69770}.Debug|Any CPU.ActiveCfg = Debug|Any CPU
		{7A6AA89F-A399-43A8-BD6A-58803BB69770}.Debug|Any CPU.Build.0 = Debug|Any CPU
		{7A6AA89F-A399-43A8-BD6A-58803BB69770}.Release|Any CPU.ActiveCfg = Release|Any CPU
		{7A6AA89F-A399-43A8-BD6A-58803BB69770}.Release|Any CPU.Build.0 = Release|Any CPU
		{F1BA3F20-6C9F-4232-950F-7DAB12EF74E0}.Debug|Any CPU.ActiveCfg = Debug|Any CPU
		{F1BA3F20-6C9F-4232-950F-7DAB12EF74E0}.Debug|Any CPU.Build.0 = Debug|Any CPU
		{F1BA3F20-6C9F-4232-950F-7DAB12EF74E0}.Release|Any CPU.ActiveCfg = Release|Any CPU
		{F1BA3F20-6C9F-4232-950F-7DAB12EF74E0}.Release|Any CPU.Build.0 = Release|Any CPU
		{5B0413A8-7505-41DF-981F-E7A0BE4BCF5C}.Debug|Any CPU.ActiveCfg = Debug|Any CPU
		{5B0413A8-7505-41DF-981F-E7A0BE4BCF5C}.Debug|Any CPU.Build.0 = Debug|Any CPU
		{5B0413A8-7505-41DF-981F-E7A0BE4BCF5C}.Release|Any CPU.ActiveCfg = Release|Any CPU
		{5B0413A8-7505-41DF-981F-E7A0BE4BCF5C}.Release|Any CPU.Build.0 = Release|Any CPU
	EndGlobalSection
	GlobalSection(SolutionProperties) = preSolution
		HideSolutionNode = FALSE
	EndGlobalSection
	GlobalSection(ExtensibilityGlobals) = postSolution
		SolutionGuid = {D46B4A1B-61B6-4456-B671-4E29AAA1881E}
	EndGlobalSection
EndGlobal
